
Microsoft Visual Studio Solution File, Format Version 12.00
# Visual Studio Version 17
VisualStudioVersion = 17.0.32112.339
MinimumVisualStudioVersion = 10.0.40219.1
Project("{FAE04EC0-301F-11D3-BF4B-00C04F79EFBC}") = "JEW", "JEW.csproj", "{7DFD116E-197A-4358-B107-3C8CA1B45DAE}"
EndProject
Global
	GlobalSection(SolutionConfigurationPlatforms) = preSolution
		Debug|Any CPU = Debug|Any CPU
		Release|Any CPU = Release|Any CPU
	EndGlobalSection
	GlobalSection(ProjectConfigurationPlatforms) = postSolution
		{7DFD116E-197A-4358-B107-3C8CA1B45DAE}.Debug|Any CPU.ActiveCfg = Debug|Any CPU
		{7DFD116E-197A-4358-B107-3C8CA1B45DAE}.Debug|Any CPU.Build.0 = Debug|Any CPU
		{7DFD116E-197A-4358-B107-3C8CA1B45DAE}.Release|Any CPU.ActiveCfg = Release|Any CPU
		{7DFD116E-197A-4358-B107-3C8CA1B45DAE}.Release|Any CPU.Build.0 = Release|Any CPU
	EndGlobalSection
	GlobalSection(SolutionProperties) = preSolution
		HideSolutionNode = FALSE
	EndGlobalSection
	GlobalSection(ExtensibilityGlobals) = postSolution
		SolutionGuid = {183E542D-D283-4DC2-A211-74B68351C137}
	EndGlobalSection
EndGlobal
